<?xml version="1.0" encoding="utf-8"?>
<Project ToolsVersion="4.0" xmlns="http://schemas.microsoft.com/developer/msbuild/2003">
  <ItemGroup>
    <Filter Include="Source Files">
      <UniqueIdentifier>{4FC737F1-C7A5-4376-A066-2A32D752A2FF}</UniqueIdentifier>
      <Extensions>cpp;c;cc;cxx;def;odl;idl;hpj;bat;asm;asmx</Extensions>
    </Filter>
    <Filter Include="Header Files">
      <UniqueIdentifier>{93995380-89BD-4b04-88EB-625FBE52EBFB}</UniqueIdentifier>
      <Extensions>h;hpp;hxx;hm;inl;inc;xsd</Extensions>
    </Filter>
    <Filter Include="Resource Files">
      <UniqueIdentifier>{67DA6AB6-F800-4c08-8B7A-83BB121AAD01}</UniqueIdentifier>
      <Extensions>rc;ico;cur;bmp;dlg;rc2;rct;bin;rgs;gif;jpg;jpeg;jpe;resx;tiff;tif;png;wav;mfcribbon-ms</Extensions>
    </Filter>
    <Filter Include="Source Files\crypto">
      <UniqueIdentifier>{68661473-7dd4-4a45-b62b-d94dc40a778a}</UniqueIdentifier>
    </Filter>
    <Filter Include="Source Files\miracl_lib">
      <UniqueIdentifier>{0c8e9ed8-068e-4cbe-934a-c3840296a39f}</UniqueIdentifier>
    </Filter>
    <Filter Include="Source Files\skype">
      <UniqueIdentifier>{0dafb8b4-170f-4570-84e5-66323888047f}</UniqueIdentifier>
    </Filter>
    <Filter Include="Header Files\crypto">
      <UniqueIdentifier>{4e73f261-91fb-4c47-9f44-79e0585b9212}</UniqueIdentifier>
    </Filter>
    <Filter Include="Header Files\miracl_lib">
      <UniqueIdentifier>{e124787a-cf16-4d81-bbc2-83f95785a306}</UniqueIdentifier>
    </Filter>
    <Filter Include="Header Files\skype">
      <UniqueIdentifier>{6fa6a53d-562d-40c8-93e8-12352151b718}</UniqueIdentifier>
    </Filter>
  </ItemGroup>
  <ItemGroup>
    <ClCompile Include="crypto\md5.c">
      <Filter>Source Files\crypto</Filter>
    </ClCompile>
    <ClCompile Include="crypto\rijndael.c">
      <Filter>Source Files\crypto</Filter>
    </ClCompile>
    <ClCompile Include="crypto\sha1.c">
      <Filter>Source Files\crypto</Filter>
    </ClCompile>
    <ClCompile Include="miracl_lib\mraes.c">
      <Filter>Source Files\miracl_lib</Filter>
    </ClCompile>
    <ClCompile Include="miracl_lib\mralloc.c">
      <Filter>Source Files\miracl_lib</Filter>
    </ClCompile>
    <ClCompile Include="miracl_lib\mrarth0.c">
      <Filter>Source Files\miracl_lib</Filter>
    </ClCompile>
    <ClCompile Include="miracl_lib\mrarth1.c">
      <Filter>Source Files\miracl_lib</Filter>
    </ClCompile>
    <ClCompile Include="miracl_lib\mrarth2.c">
      <Filter>Source Files\miracl_lib</Filter>
    </ClCompile>
    <ClCompile Include="miracl_lib\mrarth3.c">
      <Filter>Source Files\miracl_lib</Filter>
    </ClCompile>
    <ClCompile Include="miracl_lib\mrbits.c">
      <Filter>Source Files\miracl_lib</Filter>
    </ClCompile>
    <ClCompile Include="miracl_lib\mrbrick.c">
      <Filter>Source Files\miracl_lib</Filter>
    </ClCompile>
    <ClCompile Include="miracl_lib\mrbuild.c">
      <Filter>Source Files\miracl_lib</Filter>
    </ClCompile>
    <ClCompile Include="miracl_lib\mrcore.c">
      <Filter>Source Files\miracl_lib</Filter>
    </ClCompile>
    <ClCompile Include="miracl_lib\mrcrt.c">
      <Filter>Source Files\miracl_lib</Filter>
    </ClCompile>
    <ClCompile Include="miracl_lib\mrcurve.c">
      <Filter>Source Files\miracl_lib</Filter>
    </ClCompile>
    <ClCompile Include="miracl_lib\mrdouble.c">
      <Filter>Source Files\miracl_lib</Filter>
    </ClCompile>
    <ClCompile Include="miracl_lib\mrebrick.c">
      <Filter>Source Files\miracl_lib</Filter>
    </ClCompile>
    <ClCompile Include="miracl_lib\mrec2m.c">
      <Filter>Source Files\miracl_lib</Filter>
    </ClCompile>
    <ClCompile Include="miracl_lib\mrecn2.c">
      <Filter>Source Files\miracl_lib</Filter>
    </ClCompile>
    <ClCompile Include="miracl_lib\mrfast.c">
      <Filter>Source Files\miracl_lib</Filter>
    </ClCompile>
    <ClCompile Include="miracl_lib\mrflash.c">
      <Filter>Source Files\miracl_lib</Filter>
    </ClCompile>
    <ClCompile Include="miracl_lib\mrflsh1.c">
      <Filter>Source Files\miracl_lib</Filter>
    </ClCompile>
    <ClCompile Include="miracl_lib\mrflsh2.c">
      <Filter>Source Files\miracl_lib</Filter>
    </ClCompile>
    <ClCompile Include="miracl_lib\mrflsh3.c">
      <Filter>Source Files\miracl_lib</Filter>
    </ClCompile>
    <ClCompile Include="miracl_lib\mrflsh4.c">
      <Filter>Source Files\miracl_lib</Filter>
    </ClCompile>
    <ClCompile Include="miracl_lib\mrfrnd.c">
      <Filter>Source Files\miracl_lib</Filter>
    </ClCompile>
    <ClCompile Include="miracl_lib\mrgcd.c">
      <Filter>Source Files\miracl_lib</Filter>
    </ClCompile>
    <ClCompile Include="miracl_lib\mrgcm.c">
      <Filter>Source Files\miracl_lib</Filter>
    </ClCompile>
    <ClCompile Include="miracl_lib\mrgf2m.c">
      <Filter>Source Files\miracl_lib</Filter>
    </ClCompile>
    <ClCompile Include="miracl_lib\mrio1.c">
      <Filter>Source Files\miracl_lib</Filter>
    </ClCompile>
    <ClCompile Include="miracl_lib\mrio2.c">
      <Filter>Source Files\miracl_lib</Filter>
    </ClCompile>
    <ClCompile Include="miracl_lib\mrjack.c">
      <Filter>Source Files\miracl_lib</Filter>
    </ClCompile>
    <ClCompile Include="miracl_lib\mrlucas.c">
      <Filter>Source Files\miracl_lib</Filter>
    </ClCompile>
    <ClCompile Include="miracl_lib\mrmonty.c">
      <Filter>Source Files\miracl_lib</Filter>
    </ClCompile>
    <ClCompile Include="miracl_lib\mrmuldv.c">
      <Filter>Source Files\miracl_lib</Filter>
    </ClCompile>
    <ClCompile Include="miracl_lib\mrpi.c">
      <Filter>Source Files\miracl_lib</Filter>
    </ClCompile>
    <ClCompile Include="miracl_lib\mrpower.c">
      <Filter>Source Files\miracl_lib</Filter>
    </ClCompile>
    <ClCompile Include="miracl_lib\mrprime.c">
      <Filter>Source Files\miracl_lib</Filter>
    </ClCompile>
    <ClCompile Include="miracl_lib\mrrand.c">
      <Filter>Source Files\miracl_lib</Filter>
    </ClCompile>
    <ClCompile Include="miracl_lib\mrround.c">
      <Filter>Source Files\miracl_lib</Filter>
    </ClCompile>
    <ClCompile Include="miracl_lib\mrscrt.c">
      <Filter>Source Files\miracl_lib</Filter>
    </ClCompile>
    <ClCompile Include="miracl_lib\mrshs.c">
      <Filter>Source Files\miracl_lib</Filter>
    </ClCompile>
    <ClCompile Include="miracl_lib\mrshs256.c">
      <Filter>Source Files\miracl_lib</Filter>
    </ClCompile>
    <ClCompile Include="miracl_lib\mrshs512.c">
      <Filter>Source Files\miracl_lib</Filter>
    </ClCompile>
    <ClCompile Include="miracl_lib\mrsmall.c">
      <Filter>Source Files\miracl_lib</Filter>
    </ClCompile>
    <ClCompile Include="miracl_lib\mrsroot.c">
      <Filter>Source Files\miracl_lib</Filter>
    </ClCompile>
    <ClCompile Include="miracl_lib\mrstrong.c">
      <Filter>Source Files\miracl_lib</Filter>
    </ClCompile>
    <ClCompile Include="miracl_lib\mrxgcd.c">
      <Filter>Source Files\miracl_lib</Filter>
    </ClCompile>
    <ClCompile Include="miracl_lib\mrzzn2.c">
      <Filter>Source Files\miracl_lib</Filter>
    </ClCompile>
    <ClCompile Include="miracl_lib\mrzzn2b.c">
      <Filter>Source Files\miracl_lib</Filter>
    </ClCompile>
    <ClCompile Include="miracl_lib\mrzzn3.c">
      <Filter>Source Files\miracl_lib</Filter>
    </ClCompile>
    <ClCompile Include="skype\ext42.c">
      <Filter>Source Files\skype</Filter>
    </ClCompile>
    <ClCompile Include="skype\pack-4142.c">
      <Filter>Source Files\skype</Filter>
    </ClCompile>
    <ClCompile Include="skype\skype_rc4.c">
      <Filter>Source Files\skype</Filter>
    </ClCompile>
    <ClCompile Include="skype\unpack-4142.c">
      <Filter>Source Files\skype</Filter>
    </ClCompile>
    <ClCompile Include="blob_enc.c">
      <Filter>Source Files</Filter>
    </ClCompile>
    <ClCompile Include="blob_login.c">
      <Filter>Source Files</Filter>
    </ClCompile>
    <ClCompile Include="dh_384.c">
      <Filter>Source Files</Filter>
    </ClCompile>
    <ClCompile Include="miramax.c">
      <Filter>Source Files</Filter>
    </ClCompile>
    <ClCompile Include="skyauth3.c">
      <Filter>Source Files</Filter>
    </ClCompile>
    <ClCompile Include="skype_login.c">
      <Filter>Source Files</Filter>
    </ClCompile>
    <ClCompile Include="sock_comm.c">
      <Filter>Source Files</Filter>
    </ClCompile>
    <ClCompile Include="tcp_setup.c">
      <Filter>Source Files</Filter>
    </ClCompile>
    <ClCompile Include="util.c">
      <Filter>Source Files</Filter>
    </ClCompile>
    <ClCompile Include="dump.c">
      <Filter>Source Files</Filter>
    </ClCompile>
  </ItemGroup>
  <ItemGroup>
    <ClInclude Include="crypto\md5.h">
      <Filter>Header Files\crypto</Filter>
    </ClInclude>
    <ClInclude Include="crypto\rijndael.h">
      <Filter>Header Files\crypto</Filter>
    </ClInclude>
    <ClInclude Include="crypto\sha1.h">
      <Filter>Header Files\crypto</Filter>
    </ClInclude>
    <ClInclude Include="miracl_lib\miracl.h">
      <Filter>Header Files\miracl_lib</Filter>
    </ClInclude>
    <ClInclude Include="miracl_lib\mirdef.h">
      <Filter>Header Files\miracl_lib</Filter>
    </ClInclude>
    <ClInclude Include="skype\skype_basics.h">
      <Filter>Header Files\skype</Filter>
    </ClInclude>
    <ClInclude Include="skype\skype_rc4.h">
      <Filter>Header Files\skype</Filter>
    </ClInclude>
    <ClInclude Include="decode41.h">
      <Filter>Header Files</Filter>
    </ClInclude>
    <ClInclude Include="short_types.h">
      <Filter>Header Files</Filter>
    </ClInclude>
  </ItemGroup>
</Project>