
Microsoft Visual Studio Solution File, Format Version 11.00
# Visual Studio 2010
Project("{8BC9CEB8-8B4A-11D0-8D11-00A0C91BC942}") = "skyrelay3", "skyrelay3\skyrelay3.vcxproj", "{37099051-07CE-471F-A3B5-50504CC320A8}"
EndProject
Global
	GlobalSection(SolutionConfigurationPlatforms) = preSolution
		Debug|Win32 = Debug|Win32
		Release|Win32 = Release|Win32
	EndGlobalSection
	GlobalSection(ProjectConfigurationPlatforms) = postSolution
		{37099051-07CE-471F-A3B5-50504CC320A8}.Debug|Win32.ActiveCfg = Debug|Win32
		{37099051-07CE-471F-A3B5-50504CC320A8}.Debug|Win32.Build.0 = Debug|Win32
		{37099051-07CE-471F-A3B5-50504CC320A8}.Release|Win32.ActiveCfg = Release|Win32
		{37099051-07CE-471F-A3B5-50504CC320A8}.Release|Win32.Build.0 = Release|Win32
	EndGlobalSection
	GlobalSection(SolutionProperties) = preSolution
		HideSolutionNode = FALSE
	EndGlobalSection
EndGlobal
