
Microsoft Visual Studio Solution File, Format Version 11.00
# Visual Studio 2010
Project("{8BC9CEB8-8B4A-11D0-8D11-00A0C91BC942}") = "skysearch4_dll", "skysearch4_dll\skysearch4_dll.vcxproj", "{110175B4-D963-4CEB-BF6E-4FB59C157D7D}"
EndProject
Global
	GlobalSection(SolutionConfigurationPlatforms) = preSolution
		Debug|Win32 = Debug|Win32
		Release|Win32 = Release|Win32
	EndGlobalSection
	GlobalSection(ProjectConfigurationPlatforms) = postSolution
		{110175B4-D963-4CEB-BF6E-4FB59C157D7D}.Debug|Win32.ActiveCfg = Debug|Win32
		{110175B4-D963-4CEB-BF6E-4FB59C157D7D}.Debug|Win32.Build.0 = Debug|Win32
		{110175B4-D963-4CEB-BF6E-4FB59C157D7D}.Release|Win32.ActiveCfg = Release|Win32
		{110175B4-D963-4CEB-BF6E-4FB59C157D7D}.Release|Win32.Build.0 = Release|Win32
	EndGlobalSection
	GlobalSection(SolutionProperties) = preSolution
		HideSolutionNode = FALSE
	EndGlobalSection
EndGlobal
